
Microsoft Visual Studio Solution File, Format Version 12.00
# Visual Studio 2013
VisualStudioVersion = 12.0.30501.0
MinimumVisualStudioVersion = 10.0.40219.1
Project("{FAE04EC0-301F-11D3-BF4B-00C04F79EFBC}") = "CicekSepeti.Data", "CicekSepeti.Data\CicekSepeti.Data.csproj", "{493F6985-F834-49F8-A7F2-45CCE163FAF8}"
EndProject
Project("{FAE04EC0-301F-11D3-BF4B-00C04F79EFBC}") = "CicekSepeti.Entity", "CicekSepeti.Entity\CicekSepeti.Entity.csproj", "{D8BA68F0-035F-4AF2-9F72-452287BD4909}"
EndProject
Project("{FAE04EC0-301F-11D3-BF4B-00C04F79EFBC}") = "CicekSepeti.Service", "CicekSepeti.Service\CicekSepeti.Service.csproj", "{95743DA5-96F2-40C6-8E30-6134D38D04DB}"
EndProject
Project("{FAE04EC0-301F-11D3-BF4B-00C04F79EFBC}") = "CicekSepeti.Model", "CicekSepeti.Model\CicekSepeti.Model.csproj", "{10302ED4-DD82-47C9-B5A2-0FE08768EE4F}"
EndProject
Project("{FAE04EC0-301F-11D3-BF4B-00C04F79EFBC}") = "CicekSepeti.Web", "CicekSepeti.Web\CicekSepeti.Web.csproj", "{42DB82B5-5B0B-48A7-A80D-50615013DD9E}"
EndProject
Project("{FAE04EC0-301F-11D3-BF4B-00C04F79EFBC}") = "CicekSepeti.Facility", "CicekSepeti.Facility\CicekSepeti.Facility.csproj", "{83F48E10-4990-4C22-9641-848237DEE30D}"
EndProject
Project("{FAE04EC0-301F-11D3-BF4B-00C04F79EFBC}") = "CicekSepeti.Repository", "CicekSepeti.Repository\CicekSepeti.Repository.csproj", "{FFC597AD-EA61-47A8-A0FF-BDF76C2006C5}"
EndProject
Project("{FAE04EC0-301F-11D3-BF4B-00C04F79EFBC}") = "CicekSepeti.IOC", "CicekSepeti.IOC\CicekSepeti.IOC.csproj", "{FD58FA06-5556-4BBC-8D08-D4123B416F7F}"
EndProject
Project("{2150E333-8FDC-42A3-9474-1A3956D46DE8}") = "DAL", "DAL", "{9AE832D7-4413-4820-ABE6-2ACAC48A85AF}"
EndProject
Project("{2150E333-8FDC-42A3-9474-1A3956D46DE8}") = "BL", "BL", "{0724623C-C63A-4A40-A5A6-3651FB34DFB3}"
EndProject
Project("{2150E333-8FDC-42A3-9474-1A3956D46DE8}") = "PL", "PL", "{C4191913-FAB3-4EB3-AFC0-650F9D319AF4}"
EndProject
Global
	GlobalSection(SolutionConfigurationPlatforms) = preSolution
		Debug|Any CPU = Debug|Any CPU
		Release|Any CPU = Release|Any CPU
	EndGlobalSection
	GlobalSection(ProjectConfigurationPlatforms) = postSolution
		{493F6985-F834-49F8-A7F2-45CCE163FAF8}.Debug|Any CPU.ActiveCfg = Debug|Any CPU
		{493F6985-F834-49F8-A7F2-45CCE163FAF8}.Debug|Any CPU.Build.0 = Debug|Any CPU
		{493F6985-F834-49F8-A7F2-45CCE163FAF8}.Release|Any CPU.ActiveCfg = Release|Any CPU
		{493F6985-F834-49F8-A7F2-45CCE163FAF8}.Release|Any CPU.Build.0 = Release|Any CPU
		{D8BA68F0-035F-4AF2-9F72-452287BD4909}.Debug|Any CPU.ActiveCfg = Debug|Any CPU
		{D8BA68F0-035F-4AF2-9F72-452287BD4909}.Debug|Any CPU.Build.0 = Debug|Any CPU
		{D8BA68F0-035F-4AF2-9F72-452287BD4909}.Release|Any CPU.ActiveCfg = Release|Any CPU
		{D8BA68F0-035F-4AF2-9F72-452287BD4909}.Release|Any CPU.Build.0 = Release|Any CPU
		{95743DA5-96F2-40C6-8E30-6134D38D04DB}.Debug|Any CPU.ActiveCfg = Debug|Any CPU
		{95743DA5-96F2-40C6-8E30-6134D38D04DB}.Debug|Any CPU.Build.0 = Debug|Any CPU
		{95743DA5-96F2-40C6-8E30-6134D38D04DB}.Release|Any CPU.ActiveCfg = Release|Any CPU
		{95743DA5-96F2-40C6-8E30-6134D38D04DB}.Release|Any CPU.Build.0 = Release|Any CPU
		{10302ED4-DD82-47C9-B5A2-0FE08768EE4F}.Debug|Any CPU.ActiveCfg = Debug|Any CPU
		{10302ED4-DD82-47C9-B5A2-0FE08768EE4F}.Debug|Any CPU.Build.0 = Debug|Any CPU
		{10302ED4-DD82-47C9-B5A2-0FE08768EE4F}.Release|Any CPU.ActiveCfg = Release|Any CPU
		{10302ED4-DD82-47C9-B5A2-0FE08768EE4F}.Release|Any CPU.Build.0 = Release|Any CPU
		{42DB82B5-5B0B-48A7-A80D-50615013DD9E}.Debug|Any CPU.ActiveCfg = Debug|Any CPU
		{42DB82B5-5B0B-48A7-A80D-50615013DD9E}.Debug|Any CPU.Build.0 = Debug|Any CPU
		{42DB82B5-5B0B-48A7-A80D-50615013DD9E}.Release|Any CPU.ActiveCfg = Release|Any CPU
		{42DB82B5-5B0B-48A7-A80D-50615013DD9E}.Release|Any CPU.Build.0 = Release|Any CPU
		{83F48E10-4990-4C22-9641-848237DEE30D}.Debug|Any CPU.ActiveCfg = Debug|Any CPU
		{83F48E10-4990-4C22-9641-848237DEE30D}.Debug|Any CPU.Build.0 = Debug|Any CPU
		{83F48E10-4990-4C22-9641-848237DEE30D}.Release|Any CPU.ActiveCfg = Release|Any CPU
		{83F48E10-4990-4C22-9641-848237DEE30D}.Release|Any CPU.Build.0 = Release|Any CPU
		{FFC597AD-EA61-47A8-A0FF-BDF76C2006C5}.Debug|Any CPU.ActiveCfg = Debug|Any CPU
		{FFC597AD-EA61-47A8-A0FF-BDF76C2006C5}.Debug|Any CPU.Build.0 = Debug|Any CPU
		{FFC597AD-EA61-47A8-A0FF-BDF76C2006C5}.Release|Any CPU.ActiveCfg = Release|Any CPU
		{FFC597AD-EA61-47A8-A0FF-BDF76C2006C5}.Release|Any CPU.Build.0 = Release|Any CPU
		{FD58FA06-5556-4BBC-8D08-D4123B416F7F}.Debug|Any CPU.ActiveCfg = Debug|Any CPU
		{FD58FA06-5556-4BBC-8D08-D4123B416F7F}.Debug|Any CPU.Build.0 = Debug|Any CPU
		{FD58FA06-5556-4BBC-8D08-D4123B416F7F}.Release|Any CPU.ActiveCfg = Release|Any CPU
		{FD58FA06-5556-4BBC-8D08-D4123B416F7F}.Release|Any CPU.Build.0 = Release|Any CPU
	EndGlobalSection
	GlobalSection(SolutionProperties) = preSolution
		HideSolutionNode = FALSE
	EndGlobalSection
	GlobalSection(NestedProjects) = preSolution
		{493F6985-F834-49F8-A7F2-45CCE163FAF8} = {9AE832D7-4413-4820-ABE6-2ACAC48A85AF}
		{D8BA68F0-035F-4AF2-9F72-452287BD4909} = {9AE832D7-4413-4820-ABE6-2ACAC48A85AF}
		{95743DA5-96F2-40C6-8E30-6134D38D04DB} = {0724623C-C63A-4A40-A5A6-3651FB34DFB3}
		{10302ED4-DD82-47C9-B5A2-0FE08768EE4F} = {0724623C-C63A-4A40-A5A6-3651FB34DFB3}
		{42DB82B5-5B0B-48A7-A80D-50615013DD9E} = {C4191913-FAB3-4EB3-AFC0-650F9D319AF4}
		{83F48E10-4990-4C22-9641-848237DEE30D} = {0724623C-C63A-4A40-A5A6-3651FB34DFB3}
		{FFC597AD-EA61-47A8-A0FF-BDF76C2006C5} = {9AE832D7-4413-4820-ABE6-2ACAC48A85AF}
		{FD58FA06-5556-4BBC-8D08-D4123B416F7F} = {0724623C-C63A-4A40-A5A6-3651FB34DFB3}
	EndGlobalSection
EndGlobal
